
Microsoft Visual Studio Solution File, Format Version 12.00
# Visual Studio Version 17
VisualStudioVersion = 17.5.33627.172
MinimumVisualStudioVersion = 10.0.40219.1
Project("{FAE04EC0-301F-11D3-BF4B-00C04F79EFBC}") = "MovieList", "MovieList\MovieList.csproj", "{CAFF9B89-AA1B-44AD-A431-7196636B69E9}"
EndProject
Global
	GlobalSection(SolutionConfigurationPlatforms) = preSolution
		Debug|Any CPU = Debug|Any CPU
		Release|Any CPU = Release|Any CPU
	EndGlobalSection
	GlobalSection(ProjectConfigurationPlatforms) = postSolution
		{CAFF9B89-AA1B-44AD-A431-7196636B69E9}.Debug|Any CPU.ActiveCfg = Debug|Any CPU
		{CAFF9B89-AA1B-44AD-A431-7196636B69E9}.Debug|Any CPU.Build.0 = Debug|Any CPU
		{CAFF9B89-AA1B-44AD-A431-7196636B69E9}.Release|Any CPU.ActiveCfg = Release|Any CPU
		{CAFF9B89-AA1B-44AD-A431-7196636B69E9}.Release|Any CPU.Build.0 = Release|Any CPU
	EndGlobalSection
	GlobalSection(SolutionProperties) = preSolution
		HideSolutionNode = FALSE
	EndGlobalSection
	GlobalSection(ExtensibilityGlobals) = postSolution
		SolutionGuid = {86167F6E-5566-4F22-950F-0CABD4C0F393}
	EndGlobalSection
EndGlobal
